
Microsoft Visual Studio Solution File, Format Version 12.00
# Visual Studio Version 17
VisualStudioVersion = 17.6.33717.318
MinimumVisualStudioVersion = 10.0.40219.1
Project("{9A19103F-16F7-4668-BE54-9A1E7A4F7556}") = "Asp.NetCoreWebApi-UI", "Asp.NetCoreWebApi-UI\Asp.NetCoreWebApi-UI.csproj", "{4C8205D2-3439-49A3-99C9-5685F9040FD4}"
EndProject
Project("{9A19103F-16F7-4668-BE54-9A1E7A4F7556}") = "Asp.NetCoreWebApi-CLİ", "Asp.NetCoreWebApi-CLİ\Asp.NetCoreWebApi-CLİ.csproj", "{24840CA8-D18C-444D-9142-6BAE9FA3F085}"
EndProject
Project("{FAE04EC0-301F-11D3-BF4B-00C04F79EFBC}") = "Asp.NetCoreWebApi", "Asp.NetCoreWebApi\Asp.NetCoreWebApi.csproj", "{BD596DB7-DE28-4736-834C-DCE6BE45F338}"
EndProject
Global
	GlobalSection(SolutionConfigurationPlatforms) = preSolution
		Debug|Any CPU = Debug|Any CPU
		Release|Any CPU = Release|Any CPU
	EndGlobalSection
	GlobalSection(ProjectConfigurationPlatforms) = postSolution
		{4C8205D2-3439-49A3-99C9-5685F9040FD4}.Debug|Any CPU.ActiveCfg = Debug|Any CPU
		{4C8205D2-3439-49A3-99C9-5685F9040FD4}.Debug|Any CPU.Build.0 = Debug|Any CPU
		{4C8205D2-3439-49A3-99C9-5685F9040FD4}.Release|Any CPU.ActiveCfg = Release|Any CPU
		{4C8205D2-3439-49A3-99C9-5685F9040FD4}.Release|Any CPU.Build.0 = Release|Any CPU
		{24840CA8-D18C-444D-9142-6BAE9FA3F085}.Debug|Any CPU.ActiveCfg = Debug|Any CPU
		{24840CA8-D18C-444D-9142-6BAE9FA3F085}.Debug|Any CPU.Build.0 = Debug|Any CPU
		{24840CA8-D18C-444D-9142-6BAE9FA3F085}.Release|Any CPU.ActiveCfg = Release|Any CPU
		{24840CA8-D18C-444D-9142-6BAE9FA3F085}.Release|Any CPU.Build.0 = Release|Any CPU
		{BD596DB7-DE28-4736-834C-DCE6BE45F338}.Debug|Any CPU.ActiveCfg = Debug|Any CPU
		{BD596DB7-DE28-4736-834C-DCE6BE45F338}.Debug|Any CPU.Build.0 = Debug|Any CPU
		{BD596DB7-DE28-4736-834C-DCE6BE45F338}.Release|Any CPU.ActiveCfg = Release|Any CPU
		{BD596DB7-DE28-4736-834C-DCE6BE45F338}.Release|Any CPU.Build.0 = Release|Any CPU
	EndGlobalSection
	GlobalSection(SolutionProperties) = preSolution
		HideSolutionNode = FALSE
	EndGlobalSection
	GlobalSection(ExtensibilityGlobals) = postSolution
		SolutionGuid = {6A69F6D6-5769-4C3A-9A4C-BCFF9D1F2EB2}
	EndGlobalSection
EndGlobal
